
Microsoft Visual Studio Solution File, Format Version 12.00
# Visual Studio Version 17
VisualStudioVersion = 17.14.36518.9 d17.14
MinimumVisualStudioVersion = 10.0.40219.1
Project("{FAE04EC0-301F-11D3-BF4B-00C04F79EFBC}") = "NameMerger", "FpaDataMerger\NameMerger.csproj", "{6939B91F-CB51-497B-BBA2-436971E8D743}"
EndProject
Project("{FAE04EC0-301F-11D3-BF4B-00C04F79EFBC}") = "EventMerger", "EventMerger\EventMerger.csproj", "{6EBAFB11-58FD-432E-96BB-6E375484FE2C}"
EndProject
Global
	GlobalSection(SolutionConfigurationPlatforms) = preSolution
		Debug|Any CPU = Debug|Any CPU
		Release|Any CPU = Release|Any CPU
	EndGlobalSection
	GlobalSection(ProjectConfigurationPlatforms) = postSolution
		{6939B91F-CB51-497B-BBA2-436971E8D743}.Debug|Any CPU.ActiveCfg = Debug|Any CPU
		{6939B91F-CB51-497B-BBA2-436971E8D743}.Debug|Any CPU.Build.0 = Debug|Any CPU
		{6939B91F-CB51-497B-BBA2-436971E8D743}.Release|Any CPU.ActiveCfg = Release|Any CPU
		{6939B91F-CB51-497B-BBA2-436971E8D743}.Release|Any CPU.Build.0 = Release|Any CPU
		{6EBAFB11-58FD-432E-96BB-6E375484FE2C}.Debug|Any CPU.ActiveCfg = Debug|Any CPU
		{6EBAFB11-58FD-432E-96BB-6E375484FE2C}.Debug|Any CPU.Build.0 = Debug|Any CPU
		{6EBAFB11-58FD-432E-96BB-6E375484FE2C}.Release|Any CPU.ActiveCfg = Release|Any CPU
		{6EBAFB11-58FD-432E-96BB-6E375484FE2C}.Release|Any CPU.Build.0 = Release|Any CPU
	EndGlobalSection
	GlobalSection(SolutionProperties) = preSolution
		HideSolutionNode = FALSE
	EndGlobalSection
	GlobalSection(ExtensibilityGlobals) = postSolution
		SolutionGuid = {BA0E1631-E2C5-4E23-8819-6C2715FC7822}
	EndGlobalSection
EndGlobal
